
Microsoft Visual Studio Solution File, Format Version 12.00
# Visual Studio Version 16
VisualStudioVersion = 16.0.31005.135
MinimumVisualStudioVersion = 10.0.40219.1
Project("{888888A0-9F3D-457C-B088-3A5042F75D52}") = "Pibot", "Pibot.pyproj", "{43AA8166-796F-4308-B7C4-B4B26F54BE7E}"
EndProject
Global
	GlobalSection(SolutionConfigurationPlatforms) = preSolution
		Debug|Any CPU = Debug|Any CPU
		Release|Any CPU = Release|Any CPU
	EndGlobalSection
	GlobalSection(ProjectConfigurationPlatforms) = postSolution
		{43AA8166-796F-4308-B7C4-B4B26F54BE7E}.Debug|Any CPU.ActiveCfg = Debug|Any CPU
		{43AA8166-796F-4308-B7C4-B4B26F54BE7E}.Release|Any CPU.ActiveCfg = Release|Any CPU
	EndGlobalSection
	GlobalSection(SolutionProperties) = preSolution
		HideSolutionNode = FALSE
	EndGlobalSection
	GlobalSection(ExtensibilityGlobals) = postSolution
		SolutionGuid = {11E9A37F-4374-4704-BA3E-BEAA183AFBDA}
	EndGlobalSection
EndGlobal
